// !$*UTF8*$!
{
	archiveVersion = 1;
	classes = {
	};
	objectVersion = 46;
	objects = {

/* Begin PBXBuildFile section */
		84CDA7E61A84B9940005EBE0 /* main.m in Sources */ = {isa = PBXBuildFile; fileRef = 84CDA7E51A84B9940005EBE0 /* main.m */; };
		84CDA7E91A84B9940005EBE0 /* AppDelegate.m in Sources */ = {isa = PBXBuildFile; fileRef = 84CDA7E81A84B9940005EBE0 /* AppDelegate.m */; };
		84CDA7EC1A84B9940005EBE0 /* ViewController.m in Sources */ = {isa = PBXBuildFile; fileRef = 84CDA7EB1A84B9940005EBE0 /* ViewController.m */; };
		84CDA7F11A84B9940005EBE0 /* Images.xcassets in Resources */ = {isa = PBXBuildFile; fileRef = 84CDA7F01A84B9940005EBE0 /* Images.xcassets */; };
		84CDA8001A84B9940005EBE0 /* BluetoothSearchToolTests.m in Sources */ = {isa = PBXBuildFile; fileRef = 84CDA7FF1A84B9940005EBE0 /* BluetoothSearchToolTests.m */; };
		84CDA80A1A84BCC40005EBE0 /* CoreBluetooth.framework in Frameworks */ = {isa = PBXBuildFile; fileRef = 84CDA8091A84BCC40005EBE0 /* CoreBluetooth.framework */; };
		84CDA80C1A84C3180005EBE0 /* ViewController.xib in Resources */ = {isa = PBXBuildFile; fileRef = 84CDA80B1A84C3180005EBE0 /* ViewController.xib */; };
		84CDA80E1A84C4030005EBE0 /* Default-568h@2x.png in Resources */ = {isa = PBXBuildFile; fileRef = 84CDA80D1A84C4030005EBE0 /* Default-568h@2x.png */; };
/* End PBXBuildFile section */

/* Begin PBXContainerItemProxy section */
		84CDA7FA1A84B9940005EBE0 /* PBXContainerItemProxy */ = {
			isa = PBXContainerItemProxy;
			containerPortal = 84CDA7D81A84B9940005EBE0 /* Project object */;
			proxyType = 1;
			remoteGlobalIDString = 84CDA7DF1A84B9940005EBE0;
			remoteInfo = BluetoothSearchTool;
		};
/* End PBXContainerItemProxy section */

/* Begin PBXFileReference section */
		84CDA7E01A84B9940005EBE0 /* BluetoothSearchTool.app */ = {isa = PBXFileReference; explicitFileType = wrapper.application; includeInIndex = 0; path = BluetoothSearchTool.app; sourceTree = BUILT_PRODUCTS_DIR; };
		84CDA7E41A84B9940005EBE0 /* Info.plist */ = {isa = PBXFileReference; lastKnownFileType = text.plist.xml; path = Info.plist; sourceTree = "<group>"; };
		84CDA7E51A84B9940005EBE0 /* main.m */ = {isa = PBXFileReference; lastKnownFileType = sourcecode.c.objc; path = main.m; sourceTree = "<group>"; };
		84CDA7E71A84B9940005EBE0 /* AppDelegate.h */ = {isa = PBXFileReference; lastKnownFileType = sourcecode.c.h; path = AppDelegate.h; sourceTree = "<group>"; };
		84CDA7E81A84B9940005EBE0 /* AppDelegate.m */ = {isa = PBXFileReference; lastKnownFileType = sourcecode.c.objc; path = AppDelegate.m; sourceTree = "<group>"; };
		84CDA7EA1A84B9940005EBE0 /* ViewController.h */ = {isa = PBXFileReference; lastKnownFileType = sourcecode.c.h; path = ViewController.h; sourceTree = "<group>"; };
		84CDA7EB1A84B9940005EBE0 /* ViewController.m */ = {isa = PBXFileReference; lastKnownFileType = sourcecode.c.objc; path = ViewController.m; sourceTree = "<group>"; };
		84CDA7F01A84B9940005EBE0 /* Images.xcassets */ = {isa = PBXFileReference; lastKnownFileType = folder.assetcatalog; path = Images.xcassets; sourceTree = "<group>"; };
		84CDA7F91A84B9940005EBE0 /* BluetoothSearchToolTests.xctest */ = {isa = PBXFileReference; explicitFileType = wrapper.cfbundle; includeInIndex = 0; path = BluetoothSearchToolTests.xctest; sourceTree = BUILT_PRODUCTS_DIR; };
		84CDA7FE1A84B9940005EBE0 /* Info.plist */ = {isa = PBXFileReference; lastKnownFileType = text.plist.xml; path = Info.plist; sourceTree = "<group>"; };
		84CDA7FF1A84B9940005EBE0 /* BluetoothSearchToolTests.m */ = {isa = PBXFileReference; lastKnownFileType = sourcecode.c.objc; path = BluetoothSearchToolTests.m; sourceTree = "<group>"; };
		84CDA8091A84BCC40005EBE0 /* CoreBluetooth.framework */ = {isa = PBXFileReference; lastKnownFileType = wrapper.framework; name = CoreBluetooth.framework; path = System/Library/Frameworks/CoreBluetooth.framework; sourceTree = SDKROOT; };
		84CDA80B1A84C3180005EBE0 /* ViewController.xib */ = {isa = PBXFileReference; fileEncoding = 4; lastKnownFileType = file.xib; path = ViewController.xib; sourceTree = "<group>"; };
		84CDA80D1A84C4030005EBE0 /* Default-568h@2x.png */ = {isa = PBXFileReference; lastKnownFileType = image.png; path = "Default-568h@2x.png"; sourceTree = "<group>"; };
/* End PBXFileReference section */

/* Begin PBXFrameworksBuildPhase section */
		84CDA7DD1A84B9940005EBE0 /* Frameworks */ = {
			isa = PBXFrameworksBuildPhase;
			buildActionMask = 2147483647;
			files = (
				84CDA80A1A84BCC40005EBE0 /* CoreBluetooth.framework in Frameworks */,
			);
			runOnlyForDeploymentPostprocessing = 0;
		};
		84CDA7F61A84B9940005EBE0 /* Frameworks */ = {
			isa = PBXFrameworksBuildPhase;
			buildActionMask = 2147483647;
			files = (
			);
			runOnlyForDeploymentPostprocessing = 0;
		};
/* End PBXFrameworksBuildPhase section */

/* Begin PBXGroup section */
		84CDA7D71A84B9940005EBE0 = {
			isa = PBXGroup;
			children = (
				84CDA80D1A84C4030005EBE0 /* Default-568h@2x.png */,
				84CDA8091A84BCC40005EBE0 /* CoreBluetooth.framework */,
				84CDA7E21A84B9940005EBE0 /* BluetoothSearchTool */,
				84CDA7FC1A84B9940005EBE0 /* BluetoothSearchToolTests */,
				84CDA7E11A84B9940005EBE0 /* Products */,
			);
			sourceTree = "<group>";
		};
		84CDA7E11A84B9940005EBE0 /* Products */ = {
			isa = PBXGroup;
			children = (
				84CDA7E01A84B9940005EBE0 /* BluetoothSearchTool.app */,
				84CDA7F91A84B9940005EBE0 /* BluetoothSearchToolTests.xctest */,
			);
			name = Products;
			sourceTree = "<group>";
		};
		84CDA7E21A84B9940005EBE0 /* BluetoothSearchTool */ = {
			isa = PBXGroup;
			children = (
				84CDA7E71A84B9940005EBE0 /* AppDelegate.h */,
				84CDA7E81A84B9940005EBE0 /* AppDelegate.m */,
				84CDA7EA1A84B9940005EBE0 /* ViewController.h */,
				84CDA7EB1A84B9940005EBE0 /* ViewController.m */,
				84CDA80B1A84C3180005EBE0 /* ViewController.xib */,
				84CDA7F01A84B9940005EBE0 /* Images.xcassets */,
				84CDA7E31A84B9940005EBE0 /* Supporting Files */,
			);
			path = BluetoothSearchTool;
			sourceTree = "<group>";
		};
		84CDA7E31A84B9940005EBE0 /* Supporting Files */ = {
			isa = PBXGroup;
			children = (
				84CDA7E41A84B9940005EBE0 /* Info.plist */,
				84CDA7E51A84B9940005EBE0 /* main.m */,
			);
			name = "Supporting Files";
			sourceTree = "<group>";
		};
		84CDA7FC1A84B9940005EBE0 /* BluetoothSearchToolTests */ = {
			isa = PBXGroup;
			children = (
				84CDA7FF1A84B9940005EBE0 /* BluetoothSearchToolTests.m */,
				84CDA7FD1A84B9940005EBE0 /* Supporting Files */,
			);
			path = BluetoothSearchToolTests;
			sourceTree = "<group>";
		};
		84CDA7FD1A84B9940005EBE0 /* Supporting Files */ = {
			isa = PBXGroup;
			children = (
				84CDA7FE1A84B9940005EBE0 /* Info.plist */,
			);
			name = "Supporting Files";
			sourceTree = "<group>";
		};
/* End PBXGroup section */

/* Begin PBXNativeTarget section */
		84CDA7DF1A84B9940005EBE0 /* BluetoothSearchTool */ = {
			isa = PBXNativeTarget;
			buildConfigurationList = 84CDA8031A84B9940005EBE0 /* Build configuration list for PBXNativeTarget "BluetoothSearchTool" */;
			buildPhases = (
				84CDA7DC1A84B9940005EBE0 /* Sources */,
				84CDA7DD1A84B9940005EBE0 /* Frameworks */,
				84CDA7DE1A84B9940005EBE0 /* Resources */,
			);
			buildRules = (
			);
			dependencies = (
			);
			name = BluetoothSearchTool;
			productName = BluetoothSearchTool;
			productReference = 84CDA7E01A84B9940005EBE0 /* BluetoothSearchTool.app */;
			productType = "com.apple.product-type.application";
		};
		84CDA7F81A84B9940005EBE0 /* BluetoothSearchToolTests */ = {
			isa = PBXNativeTarget;
			buildConfigurationList = 84CDA8061A84B9940005EBE0 /* Build configuration list for PBXNativeTarget "BluetoothSearchToolTests" */;
			buildPhases = (
				84CDA7F51A84B9940005EBE0 /* Sources */,
				84CDA7F61A84B9940005EBE0 /* Frameworks */,
				84CDA7F71A84B9940005EBE0 /* Resources */,
			);
			buildRules = (
			);
			dependencies = (
				84CDA7FB1A84B9940005EBE0 /* PBXTargetDependency */,
			);
			name = BluetoothSearchToolTests;
			productName = BluetoothSearchToolTests;
			productReference = 84CDA7F91A84B9940005EBE0 /* BluetoothSearchToolTests.xctest */;
			productType = "com.apple.product-type.bundle.unit-test";
		};
/* End PBXNativeTarget section */

/* Begin PBXProject section */
		84CDA7D81A84B9940005EBE0 /* Project object */ = {
			isa = PBXProject;
			attributes = {
				LastUpgradeCheck = 0610;
				ORGANIZATIONNAME = Appscomm;
				TargetAttributes = {
					84CDA7DF1A84B9940005EBE0 = {
						CreatedOnToolsVersion = 6.1.1;
					};
					84CDA7F81A84B9940005EBE0 = {
						CreatedOnToolsVersion = 6.1.1;
						TestTargetID = 84CDA7DF1A84B9940005EBE0;
					};
				};
			};
			buildConfigurationList = 84CDA7DB1A84B9940005EBE0 /* Build configuration list for PBXProject "BluetoothSearchTool" */;
			compatibilityVersion = "Xcode 3.2";
			developmentRegion = English;
			hasScannedForEncodings = 0;
			knownRegions = (
				en,
				Base,
			);
			mainGroup = 84CDA7D71A84B9940005EBE0;
			productRefGroup = 84CDA7E11A84B9940005EBE0 /* Products */;
			projectDirPath = "";
			projectRoot = "";
			targets = (
				84CDA7DF1A84B9940005EBE0 /* BluetoothSearchTool */,
				84CDA7F81A84B9940005EBE0 /* BluetoothSearchToolTests */,
			);
		};
/* End PBXProject section */

/* Begin PBXResourcesBuildPhase section */
		84CDA7DE1A84B9940005EBE0 /* Resources */ = {
			isa = PBXResourcesBuildPhase;
			buildActionMask = 2147483647;
			files = (
				84CDA80C1A84C3180005EBE0 /* ViewController.xib in Resources */,
				84CDA7F11A84B9940005EBE0 /* Images.xcassets in Resources */,
				84CDA80E1A84C4030005EBE0 /* Default-568h@2x.png in Resources */,
			);
			runOnlyForDeploymentPostprocessing = 0;
		};
		84CDA7F71A84B9940005EBE0 /* Resources */ = {
			isa = PBXResourcesBuildPhase;
			buildActionMask = 2147483647;
			files = (
			);
			runOnlyForDeploymentPostprocessing = 0;
		};
/* End PBXResourcesBuildPhase section */

/* Begin PBXSourcesBuildPhase section */
		84CDA7DC1A84B9940005EBE0 /* Sources */ = {
			isa = PBXSourcesBuildPhase;
			buildActionMask = 2147483647;
			files = (
				84CDA7EC1A84B9940005EBE0 /* ViewController.m in Sources */,
				84CDA7E91A84B9940005EBE0 /* AppDelegate.m in Sources */,
				84CDA7E61A84B9940005EBE0 /* main.m in Sources */,
			);
			runOnlyForDeploymentPostprocessing = 0;
		};
		84CDA7F51A84B9940005EBE0 /* Sources */ = {
			isa = PBXSourcesBuildPhase;
			buildActionMask = 2147483647;
			files = (
				84CDA8001A84B9940005EBE0 /* BluetoothSearchToolTests.m in Sources */,
			);
			runOnlyForDeploymentPostprocessing = 0;
		};
/* End PBXSourcesBuildPhase section */

/* Begin PBXTargetDependency section */
		84CDA7FB1A84B9940005EBE0 /* PBXTargetDependency */ = {
			isa = PBXTargetDependency;
			target = 84CDA7DF1A84B9940005EBE0 /* BluetoothSearchTool */;
			targetProxy = 84CDA7FA1A84B9940005EBE0 /* PBXContainerItemProxy */;
		};
/* End PBXTargetDependency section */

/* Begin XCBuildConfiguration section */
		84CDA8011A84B9940005EBE0 /* Debug */ = {
			isa = XCBuildConfiguration;
			buildSettings = {
				ALWAYS_SEARCH_USER_PATHS = NO;
				CLANG_CXX_LANGUAGE_STANDARD = "gnu++0x";
				CLANG_CXX_LIBRARY = "libc++";
				CLANG_ENABLE_MODULES = YES;
				CLANG_ENABLE_OBJC_ARC = YES;
				CLANG_WARN_BOOL_CONVERSION = YES;
				CLANG_WARN_CONSTANT_CONVERSION = YES;
				CLANG_WARN_DIRECT_OBJC_ISA_USAGE = YES_ERROR;
				CLANG_WARN_EMPTY_BODY = YES;
				CLANG_WARN_ENUM_CONVERSION = YES;
				CLANG_WARN_INT_CONVERSION = YES;
				CLANG_WARN_OBJC_ROOT_CLASS = YES_ERROR;
				CLANG_WARN_UNREACHABLE_CODE = YES;
				CLANG_WARN__DUPLICATE_METHOD_MATCH = YES;
				"CODE_SIGN_IDENTITY[sdk=iphoneos*]" = "iPhone Developer";
				COPY_PHASE_STRIP = NO;
				ENABLE_STRICT_OBJC_MSGSEND = YES;
				GCC_C_LANGUAGE_STANDARD = gnu99;
				GCC_DYNAMIC_NO_PIC = NO;
				GCC_OPTIMIZATION_LEVEL = 0;
				GCC_PREPROCESSOR_DEFINITIONS = (
					"DEBUG=1",
					"$(inherited)",
				);
				GCC_SYMBOLS_PRIVATE_EXTERN = NO;
				GCC_WARN_64_TO_32_BIT_CONVERSION = YES;
				GCC_WARN_ABOUT_RETURN_TYPE = YES_ERROR;
				GCC_WARN_UNDECLARED_SELECTOR = YES;
				GCC_WARN_UNINITIALIZED_AUTOS = YES_AGGRESSIVE;
				GCC_WARN_UNUSED_FUNCTION = YES;
				GCC_WARN_UNUSED_VARIABLE = YES;
				IPHONEOS_DEPLOYMENT_TARGET = 8.1;
				MTL_ENABLE_DEBUG_INFO = YES;
				ONLY_ACTIVE_ARCH = YES;
				SDKROOT = iphoneos;
				TARGETED_DEVICE_FAMILY = "1,2";
			};
			name = Debug;
		};
		84CDA8021A84B9940005EBE0 /* Release */ = {
			isa = XCBuildConfiguration;
			buildSettings = {
				ALWAYS_SEARCH_USER_PATHS = NO;
				CLANG_CXX_LANGUAGE_STANDARD = "gnu++0x";
				CLANG_CXX_LIBRARY = "libc++";
				CLANG_ENABLE_MODULES = YES;
				CLANG_ENABLE_OBJC_ARC = YES;
				CLANG_WARN_BOOL_CONVERSION = YES;
				CLANG_WARN_CONSTANT_CONVERSION = YES;
				CLANG_WARN_DIRECT_OBJC_ISA_USAGE = YES_ERROR;
				CLANG_WARN_EMPTY_BODY = YES;
				CLANG_WARN_ENUM_CONVERSION = YES;
				CLANG_WARN_INT_CONVERSION = YES;
				CLANG_WARN_OBJC_ROOT_CLASS = YES_ERROR;
				CLANG_WARN_UNREACHABLE_CODE = YES;
				CLANG_WARN__DUPLICATE_METHOD_MATCH = YES;
				"CODE_SIGN_IDENTITY[sdk=iphoneos*]" = "iPhone Developer";
				COPY_PHASE_STRIP = YES;
				ENABLE_NS_ASSERTIONS = NO;
				ENABLE_STRICT_OBJC_MSGSEND = YES;
				GCC_C_LANGUAGE_STANDARD = gnu99;
				GCC_WARN_64_TO_32_BIT_CONVERSION = YES;
				GCC_WARN_ABOUT_RETURN_TYPE = YES_ERROR;
				GCC_WARN_UNDECLARED_SELECTOR = YES;
				GCC_WARN_UNINITIALIZED_AUTOS = YES_AGGRESSIVE;
				GCC_WARN_UNUSED_FUNCTION = YES;
				GCC_WARN_UNUSED_VARIABLE = YES;
				IPHONEOS_DEPLOYMENT_TARGET = 8.1;
				MTL_ENABLE_DEBUG_INFO = NO;
				SDKROOT = iphoneos;
				TARGETED_DEVICE_FAMILY = "1,2";
				VALIDATE_PRODUCT = YES;
			};
			name = Release;
		};
		84CDA8041A84B9940005EBE0 /* Debug */ = {
			isa = XCBuildConfiguration;
			buildSettings = {
				ASSETCATALOG_COMPILER_APPICON_NAME = AppIcon;
				CODE_SIGN_IDENTITY = "iPhone Developer: Boris Brault (KQG6RL87Y5)";
				"CODE_SIGN_IDENTITY[sdk=iphoneos*]" = "iPhone Developer: Boris Brault (KQG6RL87Y5)";
				INFOPLIST_FILE = BluetoothSearchTool/Info.plist;
				IPHONEOS_DEPLOYMENT_TARGET = 7.0;
				LD_RUNPATH_SEARCH_PATHS = "$(inherited) @executable_path/Frameworks";
				PRODUCT_NAME = "$(TARGET_NAME)";
				TARGETED_DEVICE_FAMILY = 1;
			};
			name = Debug;
		};
		84CDA8051A84B9940005EBE0 /* Release */ = {
			isa = XCBuildConfiguration;
			buildSettings = {
				ASSETCATALOG_COMPILER_APPICON_NAME = AppIcon;
				CODE_SIGN_IDENTITY = "iPhone Distribution: KRONOZ LLC";
				"CODE_SIGN_IDENTITY[sdk=iphoneos*]" = "iPhone Distribution: KRONOZ LLC";
				INFOPLIST_FILE = BluetoothSearchTool/Info.plist;
				IPHONEOS_DEPLOYMENT_TARGET = 7.0;
				LD_RUNPATH_SEARCH_PATHS = "$(inherited) @executable_path/Frameworks";
				PRODUCT_NAME = "$(TARGET_NAME)";
				TARGETED_DEVICE_FAMILY = 1;
			};
			name = Release;
		};
		84CDA8071A84B9940005EBE0 /* Debug */ = {
			isa = XCBuildConfiguration;
			buildSettings = {
				BUNDLE_LOADER = "$(TEST_HOST)";
				FRAMEWORK_SEARCH_PATHS = (
					"$(SDKROOT)/Developer/Library/Frameworks",
					"$(inherited)",
				);
				GCC_PREPROCESSOR_DEFINITIONS = (
					"DEBUG=1",
					"$(inherited)",
				);
				INFOPLIST_FILE = BluetoothSearchToolTests/Info.plist;
				LD_RUNPATH_SEARCH_PATHS = "$(inherited) @executable_path/Frameworks @loader_path/Frameworks";
				PRODUCT_NAME = "$(TARGET_NAME)";
				TEST_HOST = "$(BUILT_PRODUCTS_DIR)/BluetoothSearchTool.app/BluetoothSearchTool";
			};
			name = Debug;
		};
		84CDA8081A84B9940005EBE0 /* Release */ = {
			isa = XCBuildConfiguration;
			buildSettings = {
				BUNDLE_LOADER = "$(TEST_HOST)";
				FRAMEWORK_SEARCH_PATHS = (
					"$(SDKROOT)/Developer/Library/Frameworks",
					"$(inherited)",
				);
				INFOPLIST_FILE = BluetoothSearchToolTests/Info.plist;
				LD_RUNPATH_SEARCH_PATHS = "$(inherited) @executable_path/Frameworks @loader_path/Frameworks";
				PRODUCT_NAME = "$(TARGET_NAME)";
				TEST_HOST = "$(BUILT_PRODUCTS_DIR)/BluetoothSearchTool.app/BluetoothSearchTool";
			};
			name = Release;
		};
/* End XCBuildConfiguration section */

/* Begin XCConfigurationList section */
		84CDA7DB1A84B9940005EBE0 /* Build configuration list for PBXProject "BluetoothSearchTool" */ = {
			isa = XCConfigurationList;
			buildConfigurations = (
				84CDA8011A84B9940005EBE0 /* Debug */,
				84CDA8021A84B9940005EBE0 /* Release */,
			);
			defaultConfigurationIsVisible = 0;
			defaultConfigurationName = Release;
		};
		84CDA8031A84B9940005EBE0 /* Build configuration list for PBXNativeTarget "BluetoothSearchTool" */ = {
			isa = XCConfigurationList;
			buildConfigurations = (
				84CDA8041A84B9940005EBE0 /* Debug */,
				84CDA8051A84B9940005EBE0 /* Release */,
			);
			defaultConfigurationIsVisible = 0;
		};
		84CDA8061A84B9940005EBE0 /* Build configuration list for PBXNativeTarget "BluetoothSearchToolTests" */ = {
			isa = XCConfigurationList;
			buildConfigurations = (
				84CDA8071A84B9940005EBE0 /* Debug */,
				84CDA8081A84B9940005EBE0 /* Release */,
			);
			defaultConfigurationIsVisible = 0;
		};
/* End XCConfigurationList section */
	};
	rootObject = 84CDA7D81A84B9940005EBE0 /* Project object */;
}
